
Microsoft Visual Studio Solution File, Format Version 12.00
# Visual Studio Version 16
VisualStudioVersion = 16.0.28922.388
MinimumVisualStudioVersion = 10.0.40219.1
Project("{FAE04EC0-301F-11D3-BF4B-00C04F79EFBC}") = "NewDemo", "NewDemo\NewDemo.csproj", "{5C02CC68-D1D5-4FF1-99B1-255009800629}"
EndProject
Global
	GlobalSection(SolutionConfigurationPlatforms) = preSolution
		Debug|Any CPU = Debug|Any CPU
		Release|Any CPU = Release|Any CPU
	EndGlobalSection
	GlobalSection(ProjectConfigurationPlatforms) = postSolution
		{5C02CC68-D1D5-4FF1-99B1-255009800629}.Debug|Any CPU.ActiveCfg = Debug|Any CPU
		{5C02CC68-D1D5-4FF1-99B1-255009800629}.Debug|Any CPU.Build.0 = Debug|Any CPU
		{5C02CC68-D1D5-4FF1-99B1-255009800629}.Release|Any CPU.ActiveCfg = Release|Any CPU
		{5C02CC68-D1D5-4FF1-99B1-255009800629}.Release|Any CPU.Build.0 = Release|Any CPU
	EndGlobalSection
	GlobalSection(SolutionProperties) = preSolution
		HideSolutionNode = FALSE
	EndGlobalSection
	GlobalSection(ExtensibilityGlobals) = postSolution
		SolutionGuid = {39BBAFB8-3428-441B-8FCF-9AAC57CB0A3F}
	EndGlobalSection
EndGlobal
